
Microsoft Visual Studio Solution File, Format Version 12.00
# Visual Studio 2013
VisualStudioVersion = 12.0.40629.0
MinimumVisualStudioVersion = 10.0.40219.1
Project("{8BC9CEB8-8B4A-11D0-8D11-00A0C91BC942}") = "Downloader", "src\Downloader\Downloader.vcxproj", "{CCF86175-4572-490D-977E-9ECA4D24E79E}"
	ProjectSection(ProjectDependencies) = postProject
		{66EBA924-9534-451C-BBAF-65B4F9760DE4} = {66EBA924-9534-451C-BBAF-65B4F9760DE4}
		{1F922DBB-0A8B-4E25-BCD3-D28FE4D39B52} = {1F922DBB-0A8B-4E25-BCD3-D28FE4D39B52}
	EndProjectSection
EndProject
Project("{8BC9CEB8-8B4A-11D0-8D11-00A0C91BC942}") = "DVRLite", "src\Wrapper\Wrapper.vcxproj", "{66EBA924-9534-451C-BBAF-65B4F9760DE4}"
EndProject
Project("{8BC9CEB8-8B4A-11D0-8D11-00A0C91BC942}") = "Scene", "src\Scene\Scene.vcxproj", "{1F922DBB-0A8B-4E25-BCD3-D28FE4D39B52}"
EndProject
Project("{8BC9CEB8-8B4A-11D0-8D11-00A0C91BC942}") = "DZPLite", "src\Wrapper\DZP\DZPlite.vcxproj", "{B568816F-A06D-4F3B-8648-F0735E178544}"
EndProject
Project("{8BC9CEB8-8B4A-11D0-8D11-00A0C91BC942}") = "TestSuite", "src\testsuite\TestSuite_vs120.vcxproj", "{D5EFBF27-B934-4B8D-8AE5-6EC00374819C}"
	ProjectSection(ProjectDependencies) = postProject
		{C1D9270C-8523-473D-ADD0-A78C1ACDF082} = {C1D9270C-8523-473D-ADD0-A78C1ACDF082}
		{66EBA924-9534-451C-BBAF-65B4F9760DE4} = {66EBA924-9534-451C-BBAF-65B4F9760DE4}
		{7201683E-621C-4C24-B38F-04D9796B7178} = {7201683E-621C-4C24-B38F-04D9796B7178}
		{B568816F-A06D-4F3B-8648-F0735E178544} = {B568816F-A06D-4F3B-8648-F0735E178544}
		{1F922DBB-0A8B-4E25-BCD3-D28FE4D39B52} = {1F922DBB-0A8B-4E25-BCD3-D28FE4D39B52}
	EndProjectSection
EndProject
Project("{8BC9CEB8-8B4A-11D0-8D11-00A0C91BC942}") = "DHLite", "src\Wrapper\DH\DHLite.vcxproj", "{C1D9270C-8523-473D-ADD0-A78C1ACDF082}"
EndProject
Project("{8BC9CEB8-8B4A-11D0-8D11-00A0C91BC942}") = "HKLite", "src\Wrapper\HK\HKLite.vcxproj", "{7201683E-621C-4C24-B38F-04D9796B7178}"
EndProject
Global
	GlobalSection(SolutionConfigurationPlatforms) = preSolution
		debug_shared|Win32 = debug_shared|Win32
		debug_static_md|Win32 = debug_static_md|Win32
		debug_static_mt|Win32 = debug_static_mt|Win32
		Debug|Win32 = Debug|Win32
		release_shared|Win32 = release_shared|Win32
		release_static_md|Win32 = release_static_md|Win32
		release_static_mt|Win32 = release_static_mt|Win32
		Release|Win32 = Release|Win32
		UnicodeDebug|Win32 = UnicodeDebug|Win32
		UnicodeRelease|Win32 = UnicodeRelease|Win32
	EndGlobalSection
	GlobalSection(ProjectConfigurationPlatforms) = postSolution
		{CCF86175-4572-490D-977E-9ECA4D24E79E}.debug_shared|Win32.ActiveCfg = Debug|Win32
		{CCF86175-4572-490D-977E-9ECA4D24E79E}.debug_shared|Win32.Build.0 = Debug|Win32
		{CCF86175-4572-490D-977E-9ECA4D24E79E}.debug_static_md|Win32.ActiveCfg = Debug|Win32
		{CCF86175-4572-490D-977E-9ECA4D24E79E}.debug_static_md|Win32.Build.0 = Debug|Win32
		{CCF86175-4572-490D-977E-9ECA4D24E79E}.debug_static_mt|Win32.ActiveCfg = Debug|Win32
		{CCF86175-4572-490D-977E-9ECA4D24E79E}.debug_static_mt|Win32.Build.0 = Debug|Win32
		{CCF86175-4572-490D-977E-9ECA4D24E79E}.Debug|Win32.ActiveCfg = Debug|Win32
		{CCF86175-4572-490D-977E-9ECA4D24E79E}.Debug|Win32.Build.0 = Debug|Win32
		{CCF86175-4572-490D-977E-9ECA4D24E79E}.release_shared|Win32.ActiveCfg = Release|Win32
		{CCF86175-4572-490D-977E-9ECA4D24E79E}.release_shared|Win32.Build.0 = Release|Win32
		{CCF86175-4572-490D-977E-9ECA4D24E79E}.release_static_md|Win32.ActiveCfg = Release|Win32
		{CCF86175-4572-490D-977E-9ECA4D24E79E}.release_static_md|Win32.Build.0 = Release|Win32
		{CCF86175-4572-490D-977E-9ECA4D24E79E}.release_static_mt|Win32.ActiveCfg = Release|Win32
		{CCF86175-4572-490D-977E-9ECA4D24E79E}.release_static_mt|Win32.Build.0 = Release|Win32
		{CCF86175-4572-490D-977E-9ECA4D24E79E}.Release|Win32.ActiveCfg = Release|Win32
		{CCF86175-4572-490D-977E-9ECA4D24E79E}.Release|Win32.Build.0 = Release|Win32
		{CCF86175-4572-490D-977E-9ECA4D24E79E}.UnicodeDebug|Win32.ActiveCfg = Debug|Win32
		{CCF86175-4572-490D-977E-9ECA4D24E79E}.UnicodeDebug|Win32.Build.0 = Debug|Win32
		{CCF86175-4572-490D-977E-9ECA4D24E79E}.UnicodeRelease|Win32.ActiveCfg = Release|Win32
		{CCF86175-4572-490D-977E-9ECA4D24E79E}.UnicodeRelease|Win32.Build.0 = Release|Win32
		{66EBA924-9534-451C-BBAF-65B4F9760DE4}.debug_shared|Win32.ActiveCfg = Debug|Win32
		{66EBA924-9534-451C-BBAF-65B4F9760DE4}.debug_shared|Win32.Build.0 = Debug|Win32
		{66EBA924-9534-451C-BBAF-65B4F9760DE4}.debug_static_md|Win32.ActiveCfg = Debug|Win32
		{66EBA924-9534-451C-BBAF-65B4F9760DE4}.debug_static_md|Win32.Build.0 = Debug|Win32
		{66EBA924-9534-451C-BBAF-65B4F9760DE4}.debug_static_mt|Win32.ActiveCfg = Debug|Win32
		{66EBA924-9534-451C-BBAF-65B4F9760DE4}.debug_static_mt|Win32.Build.0 = Debug|Win32
		{66EBA924-9534-451C-BBAF-65B4F9760DE4}.Debug|Win32.ActiveCfg = Debug|Win32
		{66EBA924-9534-451C-BBAF-65B4F9760DE4}.Debug|Win32.Build.0 = Debug|Win32
		{66EBA924-9534-451C-BBAF-65B4F9760DE4}.release_shared|Win32.ActiveCfg = Release|Win32
		{66EBA924-9534-451C-BBAF-65B4F9760DE4}.release_shared|Win32.Build.0 = Release|Win32
		{66EBA924-9534-451C-BBAF-65B4F9760DE4}.release_static_md|Win32.ActiveCfg = Release|Win32
		{66EBA924-9534-451C-BBAF-65B4F9760DE4}.release_static_md|Win32.Build.0 = Release|Win32
		{66EBA924-9534-451C-BBAF-65B4F9760DE4}.release_static_mt|Win32.ActiveCfg = Release|Win32
		{66EBA924-9534-451C-BBAF-65B4F9760DE4}.release_static_mt|Win32.Build.0 = Release|Win32
		{66EBA924-9534-451C-BBAF-65B4F9760DE4}.Release|Win32.ActiveCfg = Release|Win32
		{66EBA924-9534-451C-BBAF-65B4F9760DE4}.Release|Win32.Build.0 = Release|Win32
		{66EBA924-9534-451C-BBAF-65B4F9760DE4}.UnicodeDebug|Win32.ActiveCfg = Debug|Win32
		{66EBA924-9534-451C-BBAF-65B4F9760DE4}.UnicodeDebug|Win32.Build.0 = Debug|Win32
		{66EBA924-9534-451C-BBAF-65B4F9760DE4}.UnicodeRelease|Win32.ActiveCfg = Release|Win32
		{66EBA924-9534-451C-BBAF-65B4F9760DE4}.UnicodeRelease|Win32.Build.0 = Release|Win32
		{1F922DBB-0A8B-4E25-BCD3-D28FE4D39B52}.debug_shared|Win32.ActiveCfg = Debug|Win32
		{1F922DBB-0A8B-4E25-BCD3-D28FE4D39B52}.debug_shared|Win32.Build.0 = Debug|Win32
		{1F922DBB-0A8B-4E25-BCD3-D28FE4D39B52}.debug_static_md|Win32.ActiveCfg = Debug|Win32
		{1F922DBB-0A8B-4E25-BCD3-D28FE4D39B52}.debug_static_md|Win32.Build.0 = Debug|Win32
		{1F922DBB-0A8B-4E25-BCD3-D28FE4D39B52}.debug_static_mt|Win32.ActiveCfg = Debug|Win32
		{1F922DBB-0A8B-4E25-BCD3-D28FE4D39B52}.debug_static_mt|Win32.Build.0 = Debug|Win32
		{1F922DBB-0A8B-4E25-BCD3-D28FE4D39B52}.Debug|Win32.ActiveCfg = Debug|Win32
		{1F922DBB-0A8B-4E25-BCD3-D28FE4D39B52}.Debug|Win32.Build.0 = Debug|Win32
		{1F922DBB-0A8B-4E25-BCD3-D28FE4D39B52}.release_shared|Win32.ActiveCfg = Release|Win32
		{1F922DBB-0A8B-4E25-BCD3-D28FE4D39B52}.release_shared|Win32.Build.0 = Release|Win32
		{1F922DBB-0A8B-4E25-BCD3-D28FE4D39B52}.release_static_md|Win32.ActiveCfg = Release|Win32
		{1F922DBB-0A8B-4E25-BCD3-D28FE4D39B52}.release_static_md|Win32.Build.0 = Release|Win32
		{1F922DBB-0A8B-4E25-BCD3-D28FE4D39B52}.release_static_mt|Win32.ActiveCfg = Release|Win32
		{1F922DBB-0A8B-4E25-BCD3-D28FE4D39B52}.release_static_mt|Win32.Build.0 = Release|Win32
		{1F922DBB-0A8B-4E25-BCD3-D28FE4D39B52}.Release|Win32.ActiveCfg = Release|Win32
		{1F922DBB-0A8B-4E25-BCD3-D28FE4D39B52}.Release|Win32.Build.0 = Release|Win32
		{1F922DBB-0A8B-4E25-BCD3-D28FE4D39B52}.UnicodeDebug|Win32.ActiveCfg = Debug|Win32
		{1F922DBB-0A8B-4E25-BCD3-D28FE4D39B52}.UnicodeDebug|Win32.Build.0 = Debug|Win32
		{1F922DBB-0A8B-4E25-BCD3-D28FE4D39B52}.UnicodeRelease|Win32.ActiveCfg = Release|Win32
		{1F922DBB-0A8B-4E25-BCD3-D28FE4D39B52}.UnicodeRelease|Win32.Build.0 = Release|Win32
		{B568816F-A06D-4F3B-8648-F0735E178544}.debug_shared|Win32.ActiveCfg = Debug|Win32
		{B568816F-A06D-4F3B-8648-F0735E178544}.debug_shared|Win32.Build.0 = Debug|Win32
		{B568816F-A06D-4F3B-8648-F0735E178544}.debug_static_md|Win32.ActiveCfg = Debug|Win32
		{B568816F-A06D-4F3B-8648-F0735E178544}.debug_static_md|Win32.Build.0 = Debug|Win32
		{B568816F-A06D-4F3B-8648-F0735E178544}.debug_static_mt|Win32.ActiveCfg = Debug|Win32
		{B568816F-A06D-4F3B-8648-F0735E178544}.debug_static_mt|Win32.Build.0 = Debug|Win32
		{B568816F-A06D-4F3B-8648-F0735E178544}.Debug|Win32.ActiveCfg = Debug|Win32
		{B568816F-A06D-4F3B-8648-F0735E178544}.Debug|Win32.Build.0 = Debug|Win32
		{B568816F-A06D-4F3B-8648-F0735E178544}.release_shared|Win32.ActiveCfg = Release|Win32
		{B568816F-A06D-4F3B-8648-F0735E178544}.release_shared|Win32.Build.0 = Release|Win32
		{B568816F-A06D-4F3B-8648-F0735E178544}.release_static_md|Win32.ActiveCfg = Release|Win32
		{B568816F-A06D-4F3B-8648-F0735E178544}.release_static_md|Win32.Build.0 = Release|Win32
		{B568816F-A06D-4F3B-8648-F0735E178544}.release_static_mt|Win32.ActiveCfg = Release|Win32
		{B568816F-A06D-4F3B-8648-F0735E178544}.release_static_mt|Win32.Build.0 = Release|Win32
		{B568816F-A06D-4F3B-8648-F0735E178544}.Release|Win32.ActiveCfg = Release|Win32
		{B568816F-A06D-4F3B-8648-F0735E178544}.Release|Win32.Build.0 = Release|Win32
		{B568816F-A06D-4F3B-8648-F0735E178544}.UnicodeDebug|Win32.ActiveCfg = Debug|Win32
		{B568816F-A06D-4F3B-8648-F0735E178544}.UnicodeDebug|Win32.Build.0 = Debug|Win32
		{B568816F-A06D-4F3B-8648-F0735E178544}.UnicodeRelease|Win32.ActiveCfg = Release|Win32
		{B568816F-A06D-4F3B-8648-F0735E178544}.UnicodeRelease|Win32.Build.0 = Release|Win32
		{D5EFBF27-B934-4B8D-8AE5-6EC00374819C}.debug_shared|Win32.ActiveCfg = debug_shared|Win32
		{D5EFBF27-B934-4B8D-8AE5-6EC00374819C}.debug_shared|Win32.Build.0 = debug_shared|Win32
		{D5EFBF27-B934-4B8D-8AE5-6EC00374819C}.debug_static_md|Win32.ActiveCfg = debug_static_md|Win32
		{D5EFBF27-B934-4B8D-8AE5-6EC00374819C}.debug_static_md|Win32.Build.0 = debug_static_md|Win32
		{D5EFBF27-B934-4B8D-8AE5-6EC00374819C}.debug_static_mt|Win32.ActiveCfg = debug_static_mt|Win32
		{D5EFBF27-B934-4B8D-8AE5-6EC00374819C}.debug_static_mt|Win32.Build.0 = debug_static_mt|Win32
		{D5EFBF27-B934-4B8D-8AE5-6EC00374819C}.Debug|Win32.ActiveCfg = debug_shared|Win32
		{D5EFBF27-B934-4B8D-8AE5-6EC00374819C}.Debug|Win32.Build.0 = debug_shared|Win32
		{D5EFBF27-B934-4B8D-8AE5-6EC00374819C}.release_shared|Win32.ActiveCfg = release_shared|Win32
		{D5EFBF27-B934-4B8D-8AE5-6EC00374819C}.release_shared|Win32.Build.0 = release_shared|Win32
		{D5EFBF27-B934-4B8D-8AE5-6EC00374819C}.release_static_md|Win32.ActiveCfg = release_static_md|Win32
		{D5EFBF27-B934-4B8D-8AE5-6EC00374819C}.release_static_md|Win32.Build.0 = release_static_md|Win32
		{D5EFBF27-B934-4B8D-8AE5-6EC00374819C}.release_static_mt|Win32.ActiveCfg = release_static_mt|Win32
		{D5EFBF27-B934-4B8D-8AE5-6EC00374819C}.release_static_mt|Win32.Build.0 = release_static_mt|Win32
		{D5EFBF27-B934-4B8D-8AE5-6EC00374819C}.Release|Win32.ActiveCfg = release_shared|Win32
		{D5EFBF27-B934-4B8D-8AE5-6EC00374819C}.Release|Win32.Build.0 = release_shared|Win32
		{D5EFBF27-B934-4B8D-8AE5-6EC00374819C}.UnicodeDebug|Win32.ActiveCfg = debug_shared|Win32
		{D5EFBF27-B934-4B8D-8AE5-6EC00374819C}.UnicodeDebug|Win32.Build.0 = debug_shared|Win32
		{D5EFBF27-B934-4B8D-8AE5-6EC00374819C}.UnicodeRelease|Win32.ActiveCfg = debug_shared|Win32
		{D5EFBF27-B934-4B8D-8AE5-6EC00374819C}.UnicodeRelease|Win32.Build.0 = debug_shared|Win32
		{C1D9270C-8523-473D-ADD0-A78C1ACDF082}.debug_shared|Win32.ActiveCfg = Debug|Win32
		{C1D9270C-8523-473D-ADD0-A78C1ACDF082}.debug_shared|Win32.Build.0 = Debug|Win32
		{C1D9270C-8523-473D-ADD0-A78C1ACDF082}.debug_static_md|Win32.ActiveCfg = Debug|Win32
		{C1D9270C-8523-473D-ADD0-A78C1ACDF082}.debug_static_md|Win32.Build.0 = Debug|Win32
		{C1D9270C-8523-473D-ADD0-A78C1ACDF082}.debug_static_mt|Win32.ActiveCfg = Debug|Win32
		{C1D9270C-8523-473D-ADD0-A78C1ACDF082}.debug_static_mt|Win32.Build.0 = Debug|Win32
		{C1D9270C-8523-473D-ADD0-A78C1ACDF082}.Debug|Win32.ActiveCfg = Debug|Win32
		{C1D9270C-8523-473D-ADD0-A78C1ACDF082}.Debug|Win32.Build.0 = Debug|Win32
		{C1D9270C-8523-473D-ADD0-A78C1ACDF082}.release_shared|Win32.ActiveCfg = Release|Win32
		{C1D9270C-8523-473D-ADD0-A78C1ACDF082}.release_shared|Win32.Build.0 = Release|Win32
		{C1D9270C-8523-473D-ADD0-A78C1ACDF082}.release_static_md|Win32.ActiveCfg = Release|Win32
		{C1D9270C-8523-473D-ADD0-A78C1ACDF082}.release_static_md|Win32.Build.0 = Release|Win32
		{C1D9270C-8523-473D-ADD0-A78C1ACDF082}.release_static_mt|Win32.ActiveCfg = Release|Win32
		{C1D9270C-8523-473D-ADD0-A78C1ACDF082}.release_static_mt|Win32.Build.0 = Release|Win32
		{C1D9270C-8523-473D-ADD0-A78C1ACDF082}.Release|Win32.ActiveCfg = Release|Win32
		{C1D9270C-8523-473D-ADD0-A78C1ACDF082}.Release|Win32.Build.0 = Release|Win32
		{C1D9270C-8523-473D-ADD0-A78C1ACDF082}.UnicodeDebug|Win32.ActiveCfg = Debug|Win32
		{C1D9270C-8523-473D-ADD0-A78C1ACDF082}.UnicodeDebug|Win32.Build.0 = Debug|Win32
		{C1D9270C-8523-473D-ADD0-A78C1ACDF082}.UnicodeRelease|Win32.ActiveCfg = Release|Win32
		{C1D9270C-8523-473D-ADD0-A78C1ACDF082}.UnicodeRelease|Win32.Build.0 = Release|Win32
		{7201683E-621C-4C24-B38F-04D9796B7178}.debug_shared|Win32.ActiveCfg = Debug|Win32
		{7201683E-621C-4C24-B38F-04D9796B7178}.debug_shared|Win32.Build.0 = Debug|Win32
		{7201683E-621C-4C24-B38F-04D9796B7178}.debug_static_md|Win32.ActiveCfg = Debug|Win32
		{7201683E-621C-4C24-B38F-04D9796B7178}.debug_static_md|Win32.Build.0 = Debug|Win32
		{7201683E-621C-4C24-B38F-04D9796B7178}.debug_static_mt|Win32.ActiveCfg = Debug|Win32
		{7201683E-621C-4C24-B38F-04D9796B7178}.debug_static_mt|Win32.Build.0 = Debug|Win32
		{7201683E-621C-4C24-B38F-04D9796B7178}.Debug|Win32.ActiveCfg = Debug|Win32
		{7201683E-621C-4C24-B38F-04D9796B7178}.Debug|Win32.Build.0 = Debug|Win32
		{7201683E-621C-4C24-B38F-04D9796B7178}.release_shared|Win32.ActiveCfg = Release|Win32
		{7201683E-621C-4C24-B38F-04D9796B7178}.release_shared|Win32.Build.0 = Release|Win32
		{7201683E-621C-4C24-B38F-04D9796B7178}.release_static_md|Win32.ActiveCfg = Release|Win32
		{7201683E-621C-4C24-B38F-04D9796B7178}.release_static_md|Win32.Build.0 = Release|Win32
		{7201683E-621C-4C24-B38F-04D9796B7178}.release_static_mt|Win32.ActiveCfg = Release|Win32
		{7201683E-621C-4C24-B38F-04D9796B7178}.release_static_mt|Win32.Build.0 = Release|Win32
		{7201683E-621C-4C24-B38F-04D9796B7178}.Release|Win32.ActiveCfg = Release|Win32
		{7201683E-621C-4C24-B38F-04D9796B7178}.Release|Win32.Build.0 = Release|Win32
		{7201683E-621C-4C24-B38F-04D9796B7178}.UnicodeDebug|Win32.ActiveCfg = Debug|Win32
		{7201683E-621C-4C24-B38F-04D9796B7178}.UnicodeDebug|Win32.Build.0 = Debug|Win32
		{7201683E-621C-4C24-B38F-04D9796B7178}.UnicodeRelease|Win32.ActiveCfg = Release|Win32
		{7201683E-621C-4C24-B38F-04D9796B7178}.UnicodeRelease|Win32.Build.0 = Release|Win32
	EndGlobalSection
	GlobalSection(SolutionProperties) = preSolution
		HideSolutionNode = FALSE
	EndGlobalSection
EndGlobal
