<?xml version="1.0" encoding="utf-8"?>
<Project ToolsVersion="4.0" xmlns="http://schemas.microsoft.com/developer/msbuild/2003">
  <ItemGroup>
    <Filter Include="DHCP">
      <UniqueIdentifier>{ede2d7cf-c54f-4732-bc17-6b43a758b05f}</UniqueIdentifier>
    </Filter>
    <Filter Include="DHCP\Header Files">
      <UniqueIdentifier>{d97ad0a2-d7a6-43eb-ac05-cdbf6517e63d}</UniqueIdentifier>
    </Filter>
    <Filter Include="DHCP\Source Files">
      <UniqueIdentifier>{a7e28c8f-ff3e-4440-80f9-51aa53eb4892}</UniqueIdentifier>
    </Filter>
    <Filter Include="ARP">
      <UniqueIdentifier>{68cd13cb-9502-40ee-91e3-df933a94f4de}</UniqueIdentifier>
    </Filter>
    <Filter Include="ARP\Header Files">
      <UniqueIdentifier>{dfcd8012-c2b4-464f-a7d8-60e14b6429a1}</UniqueIdentifier>
    </Filter>
    <Filter Include="ARP\Source Files">
      <UniqueIdentifier>{6ebc6974-ca79-43f7-8246-1c9deb53967d}</UniqueIdentifier>
    </Filter>
    <Filter Include="DZPLite">
      <UniqueIdentifier>{e903f471-4f9f-443a-ba99-15a9a842bc77}</UniqueIdentifier>
    </Filter>
    <Filter Include="DeviceContainer">
      <UniqueIdentifier>{00756190-e0ee-479d-8427-103f97a499a7}</UniqueIdentifier>
    </Filter>
    <Filter Include="Utility">
      <UniqueIdentifier>{f7a197af-9e5d-4fd3-8ab0-bfdb67fdffcd}</UniqueIdentifier>
    </Filter>
    <Filter Include="DHLite">
      <UniqueIdentifier>{ace7e1ca-23f9-4e2e-a39f-dde2e9ab7f04}</UniqueIdentifier>
    </Filter>
    <Filter Include="HKLite">
      <UniqueIdentifier>{d17e23d2-c5b3-4e1b-b42d-f36f065d2c28}</UniqueIdentifier>
    </Filter>
    <Filter Include="DownloadTask">
      <UniqueIdentifier>{abd645f0-4a3e-4b84-aefe-8bafe440f598}</UniqueIdentifier>
    </Filter>
    <Filter Include="SearchFile">
      <UniqueIdentifier>{2c1f27fb-bc8c-4645-935d-a0b2ced7276a}</UniqueIdentifier>
    </Filter>
    <Filter Include="JXJLite">
      <UniqueIdentifier>{00f18781-938f-42ad-9a11-0117cee4edb4}</UniqueIdentifier>
    </Filter>
    <Filter Include="YSLite">
      <UniqueIdentifier>{d5b273e2-0853-424c-ac8c-966b9496ca37}</UniqueIdentifier>
    </Filter>
  </ItemGroup>
  <ItemGroup>
    <ClCompile Include="DHCPClientTest.cpp">
      <Filter>DHCP\Source Files</Filter>
    </ClCompile>
    <ClCompile Include="Driver.cpp" />
    <ClCompile Include="SceneTestSuite.cpp" />
    <ClCompile Include="ARPClientTest.cpp">
      <Filter>ARP\Source Files</Filter>
    </ClCompile>
    <ClCompile Include="HKLIBTEST.cpp">
      <Filter>HKLite</Filter>
    </ClCompile>
    <ClCompile Include="DeviceContainerTest.cpp">
      <Filter>DeviceContainer</Filter>
    </ClCompile>
    <ClCompile Include="DHLIBTEST.cpp">
      <Filter>DHLite</Filter>
    </ClCompile>
    <ClCompile Include="DownloadContainerTest.cpp">
      <Filter>DownloadTask</Filter>
    </ClCompile>
    <ClCompile Include="SearchFileTest.cpp">
      <Filter>SearchFile</Filter>
    </ClCompile>
    <ClCompile Include="UtilityTest.cpp">
      <Filter>DZPLite</Filter>
    </ClCompile>
    <ClCompile Include="JXJLIBTEST.cpp">
      <Filter>JXJLite</Filter>
    </ClCompile>
    <ClCompile Include="YSLIBTEST.cpp">
      <Filter>YSLite</Filter>
    </ClCompile>
  </ItemGroup>
  <ItemGroup>
    <ClInclude Include="DHCPClientTest.h">
      <Filter>DHCP\Header Files</Filter>
    </ClInclude>
    <ClInclude Include="SceneTestSuite.h" />
    <ClInclude Include="ARPClientTest.h">
      <Filter>ARP\Header Files</Filter>
    </ClInclude>
    <ClInclude Include="DZPLIBTEST.h" />
    <ClInclude Include="HKLIBTEST.h">
      <Filter>HKLite</Filter>
    </ClInclude>
    <ClInclude Include="DeviceContainerTest.h">
      <Filter>DeviceContainer</Filter>
    </ClInclude>
    <ClInclude Include="DHLIBTEST.h">
      <Filter>DHLite</Filter>
    </ClInclude>
    <ClInclude Include="DownloadContainerTest.h">
      <Filter>DownloadTask</Filter>
    </ClInclude>
    <ClInclude Include="DZPLIBTEST.h">
      <Filter>DZPLite</Filter>
    </ClInclude>
    <ClInclude Include="SearchFileTest.h">
      <Filter>SearchFile</Filter>
    </ClInclude>
    <ClInclude Include="UtilityTest.h">
      <Filter>DZPLite</Filter>
    </ClInclude>
    <ClInclude Include="DownloadPacketTest.h" />
    <ClInclude Include="JXJLIBTEST.h">
      <Filter>JXJLite</Filter>
    </ClInclude>
    <ClInclude Include="YSLIBTEST.h">
      <Filter>YSLite</Filter>
    </ClInclude>
  </ItemGroup>
</Project>