<?xml version="1.0" encoding="utf-8"?>
<Project ToolsVersion="4.0" xmlns="http://schemas.microsoft.com/developer/msbuild/2003">
  <ItemGroup>
    <ClCompile Include="App.cpp">
      <Filter>源文件</Filter>
    </ClCompile>
    <ClCompile Include="CalendarUI.cpp">
      <Filter>源文件</Filter>
    </ClCompile>
    <ClCompile Include="DownLoadWnd.cpp">
      <Filter>源文件</Filter>
    </ClCompile>
    <ClCompile Include="LogUI.cpp">
      <Filter>源文件</Filter>
    </ClCompile>
    <ClCompile Include="MainWnd.cpp">
      <Filter>源文件</Filter>
    </ClCompile>
    <ClCompile Include="SearchFileUI.cpp">
      <Filter>源文件</Filter>
    </ClCompile>
    <ClCompile Include="Vendor.cpp">
      <Filter>源文件</Filter>
    </ClCompile>
    <ClCompile Include="stdafx.cpp">
      <Filter>源文件</Filter>
    </ClCompile>
    <ClCompile Include="VideoLoginUI.cpp">
      <Filter>源文件</Filter>
    </ClCompile>
    <ClCompile Include="OtherTools.cpp">
      <Filter>源文件</Filter>
    </ClCompile>
    <ClCompile Include="VideoVendorUI.cpp">
      <Filter>源文件</Filter>
    </ClCompile>
    <ClCompile Include="SetIpWnd.cpp">
      <Filter>源文件</Filter>
    </ClCompile>
    <ClCompile Include="TimeUI.cpp">
      <Filter>源文件</Filter>
    </ClCompile>
    <ClCompile Include="OVPlayerUI.cpp">
      <Filter>源文件</Filter>
    </ClCompile>
    <ClCompile Include="QMSqlite.cpp">
      <Filter>源文件</Filter>
    </ClCompile>
    <ClCompile Include="ProgtessUI.cpp">
      <Filter>源文件</Filter>
    </ClCompile>
    <ClCompile Include="PlayVideoWnd.cpp">
      <Filter>源文件</Filter>
    </ClCompile>
    <ClCompile Include="..\BusinessLayer\CommonUtrl.cpp">
      <Filter>源文件\BusinessLayer</Filter>
    </ClCompile>
    <ClCompile Include="..\BusinessLayer\Device.cpp">
      <Filter>源文件\BusinessLayer</Filter>
    </ClCompile>
    <ClCompile Include="..\BusinessLayer\LoginDevice.cpp">
      <Filter>源文件\BusinessLayer</Filter>
    </ClCompile>
    <ClCompile Include="..\BusinessLayer\SearchDevice.cpp">
      <Filter>源文件\BusinessLayer</Filter>
    </ClCompile>
    <ClCompile Include="..\BusinessLayer\SearchVideo.cpp">
      <Filter>源文件\BusinessLayer</Filter>
    </ClCompile>
    <ClCompile Include="..\BusinessLayer\TestWindows.cpp">
      <Filter>源文件\BusinessLayer</Filter>
    </ClCompile>
    <ClCompile Include="..\BusinessLayer\JXJVendor\JXJVendor.cpp">
      <Filter>源文件\BusinessLayer\sdk</Filter>
    </ClCompile>
    <ClCompile Include="..\BusinessLayer\DHVendor\DHVendor.cpp">
      <Filter>源文件\BusinessLayer\sdk</Filter>
    </ClCompile>
    <ClCompile Include="..\BusinessLayer\HKVendor\HKVendor.cpp">
      <Filter>源文件\BusinessLayer\sdk</Filter>
    </ClCompile>
    <ClCompile Include="..\BusinessLayer\DZPVendor\DZPVendor.cpp">
      <Filter>源文件\BusinessLayer\sdk</Filter>
    </ClCompile>
    <ClCompile Include="FileLogInfoUI.cpp">
      <Filter>源文件</Filter>
    </ClCompile>
  </ItemGroup>
  <ItemGroup>
    <ClInclude Include="CalendarUI.h">
      <Filter>头文件</Filter>
    </ClInclude>
    <ClInclude Include="DownLoadWnd.h">
      <Filter>头文件</Filter>
    </ClInclude>
    <ClInclude Include="LogUI.h">
      <Filter>头文件</Filter>
    </ClInclude>
    <ClInclude Include="MainWnd.h">
      <Filter>头文件</Filter>
    </ClInclude>
    <ClInclude Include="SearchFileUI.h">
      <Filter>头文件</Filter>
    </ClInclude>
    <ClInclude Include="resource.h">
      <Filter>头文件</Filter>
    </ClInclude>
    <ClInclude Include="Vendor.h">
      <Filter>头文件</Filter>
    </ClInclude>
    <ClInclude Include="VideoLoginUI.h">
      <Filter>头文件</Filter>
    </ClInclude>
    <ClInclude Include="stdafx.h">
      <Filter>头文件</Filter>
    </ClInclude>
    <ClInclude Include="OtherTools.h">
      <Filter>头文件</Filter>
    </ClInclude>
    <ClInclude Include="VideoVendorUI.h">
      <Filter>头文件</Filter>
    </ClInclude>
    <ClInclude Include="SetIpWnd.h">
      <Filter>头文件</Filter>
    </ClInclude>
    <ClInclude Include="TimeUI.h">
      <Filter>头文件</Filter>
    </ClInclude>
    <ClInclude Include="OVPlayerUI.h">
      <Filter>头文件</Filter>
    </ClInclude>
    <ClInclude Include="QMSqlite.h">
      <Filter>头文件</Filter>
    </ClInclude>
    <ClInclude Include="ProgtessUI.h">
      <Filter>头文件</Filter>
    </ClInclude>
    <ClInclude Include="PlayVideoWnd.h">
      <Filter>头文件</Filter>
    </ClInclude>
    <ClInclude Include="FileLogInfoUI.h">
      <Filter>头文件</Filter>
    </ClInclude>
  </ItemGroup>
  <ItemGroup>
    <ResourceCompile Include="Downloader.rc" />
  </ItemGroup>
  <ItemGroup>
    <Image Include="..\..\x86\Downloader\logoIcon.ico" />
  </ItemGroup>
  <ItemGroup>
    <Text Include="ReadMe.txt" />
  </ItemGroup>
  <ItemGroup>
    <Filter Include="源文件">
      <UniqueIdentifier>{4f054180-06d9-4fff-9d15-2f9d73dbbc2c}</UniqueIdentifier>
    </Filter>
    <Filter Include="头文件">
      <UniqueIdentifier>{3e88cab4-5be2-48d2-81e4-98ece4ed0288}</UniqueIdentifier>
    </Filter>
    <Filter Include="源文件\BusinessLayer">
      <UniqueIdentifier>{1a5255c6-fdf3-4225-8ad9-c7f534c76a18}</UniqueIdentifier>
    </Filter>
    <Filter Include="源文件\BusinessLayer\sdk">
      <UniqueIdentifier>{6b5bd1eb-b10b-4dc4-9c17-cec550bab599}</UniqueIdentifier>
    </Filter>
  </ItemGroup>
</Project>