<?xml version="1.0" encoding="utf-8"?>
<Project ToolsVersion="4.0" xmlns="http://schemas.microsoft.com/developer/msbuild/2003">
  <ItemGroup>
    <Filter Include="Source Files">
      <UniqueIdentifier>{4FC737F1-C7A5-4376-A066-2A32D752A2FF}</UniqueIdentifier>
      <Extensions>cpp;c;cc;cxx;def;odl;idl;hpj;bat;asm;asmx</Extensions>
    </Filter>
    <Filter Include="Header Files">
      <UniqueIdentifier>{93995380-89BD-4b04-88EB-625FBE52EBFB}</UniqueIdentifier>
      <Extensions>h;hh;hpp;hxx;hm;inl;inc;xsd</Extensions>
    </Filter>
    <Filter Include="Resource Files">
      <UniqueIdentifier>{67DA6AB6-F800-4c08-8B7A-83BB121AAD01}</UniqueIdentifier>
      <Extensions>rc;ico;cur;bmp;dlg;rc2;rct;bin;rgs;gif;jpg;jpeg;jpe;resx;tiff;tif;png;wav;mfcribbon-ms</Extensions>
    </Filter>
    <Filter Include="SessionPooling">
      <UniqueIdentifier>{15339790-7a73-4384-bfaf-3cf6ae3d2759}</UniqueIdentifier>
    </Filter>
    <Filter Include="SessionPooling\Header Files">
      <UniqueIdentifier>{2d7baf3d-9287-4fbb-9185-35974f8b2005}</UniqueIdentifier>
    </Filter>
    <Filter Include="SessionPooling\Source Files">
      <UniqueIdentifier>{43521f56-0578-4a4b-be49-af359cd0c9af}</UniqueIdentifier>
    </Filter>
  </ItemGroup>
  <ItemGroup>
    <Text Include="ReadMe.txt" />
  </ItemGroup>
  <ItemGroup>
    <ClInclude Include="include\DVR\DVRConnector.h">
      <Filter>Header Files</Filter>
    </ClInclude>
    <ClInclude Include="include\DVR\DVRSession.h">
      <Filter>Header Files</Filter>
    </ClInclude>
    <ClInclude Include="include\DVR\DVRSessionFactory.h">
      <Filter>Header Files</Filter>
    </ClInclude>
    <ClInclude Include="include\DVR\DVRSessionImpl.h">
      <Filter>Header Files</Filter>
    </ClInclude>
    <ClInclude Include="include\DVR\DVR.h">
      <Filter>Header Files</Filter>
    </ClInclude>
    <ClInclude Include="include\DVR\DVRException.h">
      <Filter>Header Files</Filter>
    </ClInclude>
    <ClInclude Include="include\DVR\AbstractSessionImpl.h">
      <Filter>Header Files</Filter>
    </ClInclude>
    <ClInclude Include="include\DVR\DVRStatement.h">
      <Filter>Header Files</Filter>
    </ClInclude>
    <ClInclude Include="include\DVR\DVRStatementImpl.h">
      <Filter>Header Files</Filter>
    </ClInclude>
    <ClInclude Include="include\DVR\DVRStatementCreator.h">
      <Filter>Header Files</Filter>
    </ClInclude>
    <ClInclude Include="include\DVR\PooledSessionHolder.h">
      <Filter>SessionPooling\Header Files</Filter>
    </ClInclude>
    <ClInclude Include="include\DVR\PooledSessionImpl.h">
      <Filter>SessionPooling\Header Files</Filter>
    </ClInclude>
    <ClInclude Include="include\DVR\SessionPool.h">
      <Filter>SessionPooling\Header Files</Filter>
    </ClInclude>
    <ClInclude Include="include\DVR\SessionPoolContainer.h">
      <Filter>SessionPooling\Header Files</Filter>
    </ClInclude>
    <ClInclude Include="include\DVR\DVRDevice.h">
      <Filter>Header Files</Filter>
    </ClInclude>
    <ClInclude Include="include\DVR\DVRDeviceContainer.h">
      <Filter>Header Files</Filter>
    </ClInclude>
    <ClInclude Include="DVRDownloadTask.h">
      <Filter>Header Files</Filter>
    </ClInclude>
    <ClInclude Include="DVRDownloadTaskContainer.h">
      <Filter>Header Files</Filter>
    </ClInclude>
    <ClInclude Include="DVRSearchFiles.h">
      <Filter>Header Files</Filter>
    </ClInclude>
  </ItemGroup>
  <ItemGroup>
    <ClCompile Include="DVRSessionImpl.cpp">
      <Filter>Source Files</Filter>
    </ClCompile>
    <ClCompile Include="DVRSession.cpp">
      <Filter>Source Files</Filter>
    </ClCompile>
    <ClCompile Include="DVRSessionFactory.cpp">
      <Filter>Source Files</Filter>
    </ClCompile>
    <ClCompile Include="DVRConnector.cpp">
      <Filter>Source Files</Filter>
    </ClCompile>
    <ClCompile Include="DVRException.cpp">
      <Filter>Source Files</Filter>
    </ClCompile>
    <ClCompile Include="DVRStatement.cpp">
      <Filter>Source Files</Filter>
    </ClCompile>
    <ClCompile Include="DVRStatementImpl.cpp">
      <Filter>Source Files</Filter>
    </ClCompile>
    <ClCompile Include="DVRStatementCreator.cpp">
      <Filter>Source Files</Filter>
    </ClCompile>
    <ClCompile Include="PooledSessionHolder.cpp">
      <Filter>SessionPooling\Source Files</Filter>
    </ClCompile>
    <ClCompile Include="PooledSessionImpl.cpp">
      <Filter>SessionPooling\Source Files</Filter>
    </ClCompile>
    <ClCompile Include="SessionPool.cpp">
      <Filter>SessionPooling\Source Files</Filter>
    </ClCompile>
    <ClCompile Include="SessionPoolContainer.cpp">
      <Filter>SessionPooling\Source Files</Filter>
    </ClCompile>
    <ClCompile Include="DVRDevice.cpp">
      <Filter>Source Files</Filter>
    </ClCompile>
    <ClCompile Include="DVRDeviceContainer.cpp">
      <Filter>Source Files</Filter>
    </ClCompile>
    <ClCompile Include="DVRDownloadTask.cpp">
      <Filter>Source Files</Filter>
    </ClCompile>
    <ClCompile Include="DVRDownloadTaskContainer.cpp">
      <Filter>Source Files</Filter>
    </ClCompile>
    <ClCompile Include="DVRSearchFiles.cpp">
      <Filter>Source Files</Filter>
    </ClCompile>
  </ItemGroup>
</Project>