<?xml version="1.0" encoding="utf-8"?>
<Project ToolsVersion="4.0" xmlns="http://schemas.microsoft.com/developer/msbuild/2003">
  <ItemGroup>
    <Filter Include="Resource Files">
      <UniqueIdentifier>{67DA6AB6-F800-4c08-8B7A-83BB121AAD01}</UniqueIdentifier>
      <Extensions>rc;ico;cur;bmp;dlg;rc2;rct;bin;rgs;gif;jpg;jpeg;jpe;resx;tiff;tif;png;wav;mfcribbon-ms</Extensions>
    </Filter>
    <Filter Include="DHCPClient">
      <UniqueIdentifier>{4FC737F1-C7A5-4376-A066-2A32D752A2FF}</UniqueIdentifier>
      <Extensions>cpp;c;cc;cxx;def;odl;idl;hpj;bat;asm;asmx</Extensions>
    </Filter>
    <Filter Include="DHCPClient\Header Files">
      <UniqueIdentifier>{b311ed33-f965-4b09-99e0-0cef427a432f}</UniqueIdentifier>
    </Filter>
    <Filter Include="DHCPClient\Source Files">
      <UniqueIdentifier>{7bda1c22-e207-4a59-8eb0-3e67d3fff6ae}</UniqueIdentifier>
    </Filter>
    <Filter Include="ARPClient">
      <UniqueIdentifier>{be07888b-00e5-4e7f-9fe8-9a20cd3684bd}</UniqueIdentifier>
    </Filter>
    <Filter Include="ARPClient\Header Files">
      <UniqueIdentifier>{d9635759-044d-45c4-b16d-cf38d9105d17}</UniqueIdentifier>
    </Filter>
    <Filter Include="ARPClient\Source Files">
      <UniqueIdentifier>{e71fb120-a424-40e3-a081-482721ac8048}</UniqueIdentifier>
    </Filter>
  </ItemGroup>
  <ItemGroup>
    <Text Include="ReadMe.txt" />
  </ItemGroup>
  <ItemGroup>
    <ClCompile Include="src\DHCPClient.cpp">
      <Filter>DHCPClient\Source Files</Filter>
    </ClCompile>
    <ClCompile Include="src\DhcpPacket.cpp">
      <Filter>DHCPClient\Source Files</Filter>
    </ClCompile>
    <ClCompile Include="src\SetIPAddress.cpp">
      <Filter>DHCPClient\Source Files</Filter>
    </ClCompile>
    <ClCompile Include="src\ARPClient.cpp">
      <Filter>ARPClient\Source Files</Filter>
    </ClCompile>
    <ClCompile Include="src\ARPFindSegment.cpp">
      <Filter>ARPClient\Source Files</Filter>
    </ClCompile>
  </ItemGroup>
  <ItemGroup>
    <ClInclude Include="include\Scene\DhcpPacket.h">
      <Filter>DHCPClient\Header Files</Filter>
    </ClInclude>
    <ClInclude Include="include\Scene\Scene.h">
      <Filter>DHCPClient\Header Files</Filter>
    </ClInclude>
    <ClInclude Include="include\Scene\SetIPAddress.h">
      <Filter>DHCPClient\Header Files</Filter>
    </ClInclude>
    <ClInclude Include="include\Scene\DHCPClient.h">
      <Filter>DHCPClient\Header Files</Filter>
    </ClInclude>
    <ClInclude Include="include\Scene\ARPClient.h">
      <Filter>ARPClient\Header Files</Filter>
    </ClInclude>
    <ClInclude Include="include\Scene\ARPFindSegment.h">
      <Filter>ARPClient\Header Files</Filter>
    </ClInclude>
  </ItemGroup>
</Project>